
Microsoft Visual Studio Solution File, Format Version 12.00
# Visual Studio Version 16
VisualStudioVersion = 16.0.31112.23
MinimumVisualStudioVersion = 10.0.40219.1
Project("{FAE04EC0-301F-11D3-BF4B-00C04F79EFBC}") = "BalnearioGestion", "BalnearioGestion\BalnearioGestion.csproj", "{A30BD45D-D339-4B4E-9C4D-D9A08AA4715A}"
EndProject
Global
	GlobalSection(SolutionConfigurationPlatforms) = preSolution
		Debug|Any CPU = Debug|Any CPU
		Release|Any CPU = Release|Any CPU
	EndGlobalSection
	GlobalSection(ProjectConfigurationPlatforms) = postSolution
		{A30BD45D-D339-4B4E-9C4D-D9A08AA4715A}.Debug|Any CPU.ActiveCfg = Debug|Any CPU
		{A30BD45D-D339-4B4E-9C4D-D9A08AA4715A}.Debug|Any CPU.Build.0 = Debug|Any CPU
		{A30BD45D-D339-4B4E-9C4D-D9A08AA4715A}.Release|Any CPU.ActiveCfg = Release|Any CPU
		{A30BD45D-D339-4B4E-9C4D-D9A08AA4715A}.Release|Any CPU.Build.0 = Release|Any CPU
	EndGlobalSection
	GlobalSection(SolutionProperties) = preSolution
		HideSolutionNode = FALSE
	EndGlobalSection
	GlobalSection(ExtensibilityGlobals) = postSolution
		SolutionGuid = {6F7C2B25-52E1-4D6D-BCB3-319AA38283BF}
	EndGlobalSection
EndGlobal
